
Microsoft Visual Studio Solution File, Format Version 12.00
# Visual Studio Version 17
VisualStudioVersion = 17.11.35303.130
MinimumVisualStudioVersion = 10.0.40219.1
Project("{8BC9CEB8-8B4A-11D0-8D11-00A0C91BC942}") = "Enero22Ej2", "Enero22Ej2\Enero22Ej2.vcxproj", "{E54671DF-D05D-4004-B6DF-39C9469CB9DA}"
EndProject
Project("{8BC9CEB8-8B4A-11D0-8D11-00A0C91BC942}") = "Enero23Ej2", "Enero23Ej2\Enero23Ej2.vcxproj", "{474CEC40-BD9B-4F3C-81F6-4207C8DB2356}"
EndProject
Project("{8BC9CEB8-8B4A-11D0-8D11-00A0C91BC942}") = "Febrero21Ej2", "Febrero21Ej2\Febrero21Ej2.vcxproj", "{061A9C08-534F-4E4A-800D-FA508DFCC20B}"
EndProject
Project("{8BC9CEB8-8B4A-11D0-8D11-00A0C91BC942}") = "Enero22Ej1", "Enero22Ej1\Enero22Ej1.vcxproj", "{7401636E-E2CE-4CDC-AF62-3A9DEAB00976}"
EndProject
Project("{8BC9CEB8-8B4A-11D0-8D11-00A0C91BC942}") = "Enero24Ej2", "Enero24Ej2\Enero24Ej2.vcxproj", "{FC9A6A73-60D2-496E-9B4F-53BEEBEC358E}"
EndProject
Project("{8BC9CEB8-8B4A-11D0-8D11-00A0C91BC942}") = "Febrero21Ej1", "Febrero21Ej1\Febrero21Ej1.vcxproj", "{026F536C-3E90-41AA-8387-5A0DE5AF0C44}"
EndProject
Project("{8BC9CEB8-8B4A-11D0-8D11-00A0C91BC942}") = "Junio22Ej3", "Enero22Ej3\Enero22Ej3.vcxproj", "{3B89D7FF-C394-44CB-AA37-0538C442C0B2}"
EndProject
Project("{8BC9CEB8-8B4A-11D0-8D11-00A0C91BC942}") = "Junio23Ej3", "Junio23Ej3\Junio23Ej3.vcxproj", "{6A217BA9-6591-49FA-A3F3-9F2C7409F0E5}"
EndProject
Global
	GlobalSection(SolutionConfigurationPlatforms) = preSolution
		Debug|x64 = Debug|x64
		Debug|x86 = Debug|x86
		Release|x64 = Release|x64
		Release|x86 = Release|x86
	EndGlobalSection
	GlobalSection(ProjectConfigurationPlatforms) = postSolution
		{E54671DF-D05D-4004-B6DF-39C9469CB9DA}.Debug|x64.ActiveCfg = Debug|x64
		{E54671DF-D05D-4004-B6DF-39C9469CB9DA}.Debug|x64.Build.0 = Debug|x64
		{E54671DF-D05D-4004-B6DF-39C9469CB9DA}.Debug|x86.ActiveCfg = Debug|Win32
		{E54671DF-D05D-4004-B6DF-39C9469CB9DA}.Debug|x86.Build.0 = Debug|Win32
		{E54671DF-D05D-4004-B6DF-39C9469CB9DA}.Release|x64.ActiveCfg = Release|x64
		{E54671DF-D05D-4004-B6DF-39C9469CB9DA}.Release|x64.Build.0 = Release|x64
		{E54671DF-D05D-4004-B6DF-39C9469CB9DA}.Release|x86.ActiveCfg = Release|Win32
		{E54671DF-D05D-4004-B6DF-39C9469CB9DA}.Release|x86.Build.0 = Release|Win32
		{474CEC40-BD9B-4F3C-81F6-4207C8DB2356}.Debug|x64.ActiveCfg = Debug|x64
		{474CEC40-BD9B-4F3C-81F6-4207C8DB2356}.Debug|x64.Build.0 = Debug|x64
		{474CEC40-BD9B-4F3C-81F6-4207C8DB2356}.Debug|x86.ActiveCfg = Debug|Win32
		{474CEC40-BD9B-4F3C-81F6-4207C8DB2356}.Debug|x86.Build.0 = Debug|Win32
		{474CEC40-BD9B-4F3C-81F6-4207C8DB2356}.Release|x64.ActiveCfg = Release|x64
		{474CEC40-BD9B-4F3C-81F6-4207C8DB2356}.Release|x64.Build.0 = Release|x64
		{474CEC40-BD9B-4F3C-81F6-4207C8DB2356}.Release|x86.ActiveCfg = Release|Win32
		{474CEC40-BD9B-4F3C-81F6-4207C8DB2356}.Release|x86.Build.0 = Release|Win32
		{061A9C08-534F-4E4A-800D-FA508DFCC20B}.Debug|x64.ActiveCfg = Debug|x64
		{061A9C08-534F-4E4A-800D-FA508DFCC20B}.Debug|x64.Build.0 = Debug|x64
		{061A9C08-534F-4E4A-800D-FA508DFCC20B}.Debug|x86.ActiveCfg = Debug|Win32
		{061A9C08-534F-4E4A-800D-FA508DFCC20B}.Debug|x86.Build.0 = Debug|Win32
		{061A9C08-534F-4E4A-800D-FA508DFCC20B}.Release|x64.ActiveCfg = Release|x64
		{061A9C08-534F-4E4A-800D-FA508DFCC20B}.Release|x64.Build.0 = Release|x64
		{061A9C08-534F-4E4A-800D-FA508DFCC20B}.Release|x86.ActiveCfg = Release|Win32
		{061A9C08-534F-4E4A-800D-FA508DFCC20B}.Release|x86.Build.0 = Release|Win32
		{7401636E-E2CE-4CDC-AF62-3A9DEAB00976}.Debug|x64.ActiveCfg = Debug|x64
		{7401636E-E2CE-4CDC-AF62-3A9DEAB00976}.Debug|x64.Build.0 = Debug|x64
		{7401636E-E2CE-4CDC-AF62-3A9DEAB00976}.Debug|x86.ActiveCfg = Debug|Win32
		{7401636E-E2CE-4CDC-AF62-3A9DEAB00976}.Debug|x86.Build.0 = Debug|Win32
		{7401636E-E2CE-4CDC-AF62-3A9DEAB00976}.Release|x64.ActiveCfg = Release|x64
		{7401636E-E2CE-4CDC-AF62-3A9DEAB00976}.Release|x64.Build.0 = Release|x64
		{7401636E-E2CE-4CDC-AF62-3A9DEAB00976}.Release|x86.ActiveCfg = Release|Win32
		{7401636E-E2CE-4CDC-AF62-3A9DEAB00976}.Release|x86.Build.0 = Release|Win32
		{FC9A6A73-60D2-496E-9B4F-53BEEBEC358E}.Debug|x64.ActiveCfg = Debug|x64
		{FC9A6A73-60D2-496E-9B4F-53BEEBEC358E}.Debug|x64.Build.0 = Debug|x64
		{FC9A6A73-60D2-496E-9B4F-53BEEBEC358E}.Debug|x86.ActiveCfg = Debug|Win32
		{FC9A6A73-60D2-496E-9B4F-53BEEBEC358E}.Debug|x86.Build.0 = Debug|Win32
		{FC9A6A73-60D2-496E-9B4F-53BEEBEC358E}.Release|x64.ActiveCfg = Release|x64
		{FC9A6A73-60D2-496E-9B4F-53BEEBEC358E}.Release|x64.Build.0 = Release|x64
		{FC9A6A73-60D2-496E-9B4F-53BEEBEC358E}.Release|x86.ActiveCfg = Release|Win32
		{FC9A6A73-60D2-496E-9B4F-53BEEBEC358E}.Release|x86.Build.0 = Release|Win32
		{026F536C-3E90-41AA-8387-5A0DE5AF0C44}.Debug|x64.ActiveCfg = Debug|x64
		{026F536C-3E90-41AA-8387-5A0DE5AF0C44}.Debug|x64.Build.0 = Debug|x64
		{026F536C-3E90-41AA-8387-5A0DE5AF0C44}.Debug|x86.ActiveCfg = Debug|Win32
		{026F536C-3E90-41AA-8387-5A0DE5AF0C44}.Debug|x86.Build.0 = Debug|Win32
		{026F536C-3E90-41AA-8387-5A0DE5AF0C44}.Release|x64.ActiveCfg = Release|x64
		{026F536C-3E90-41AA-8387-5A0DE5AF0C44}.Release|x64.Build.0 = Release|x64
		{026F536C-3E90-41AA-8387-5A0DE5AF0C44}.Release|x86.ActiveCfg = Release|Win32
		{026F536C-3E90-41AA-8387-5A0DE5AF0C44}.Release|x86.Build.0 = Release|Win32
		{3B89D7FF-C394-44CB-AA37-0538C442C0B2}.Debug|x64.ActiveCfg = Debug|x64
		{3B89D7FF-C394-44CB-AA37-0538C442C0B2}.Debug|x64.Build.0 = Debug|x64
		{3B89D7FF-C394-44CB-AA37-0538C442C0B2}.Debug|x86.ActiveCfg = Debug|Win32
		{3B89D7FF-C394-44CB-AA37-0538C442C0B2}.Debug|x86.Build.0 = Debug|Win32
		{3B89D7FF-C394-44CB-AA37-0538C442C0B2}.Release|x64.ActiveCfg = Release|x64
		{3B89D7FF-C394-44CB-AA37-0538C442C0B2}.Release|x64.Build.0 = Release|x64
		{3B89D7FF-C394-44CB-AA37-0538C442C0B2}.Release|x86.ActiveCfg = Release|Win32
		{3B89D7FF-C394-44CB-AA37-0538C442C0B2}.Release|x86.Build.0 = Release|Win32
		{6A217BA9-6591-49FA-A3F3-9F2C7409F0E5}.Debug|x64.ActiveCfg = Debug|x64
		{6A217BA9-6591-49FA-A3F3-9F2C7409F0E5}.Debug|x64.Build.0 = Debug|x64
		{6A217BA9-6591-49FA-A3F3-9F2C7409F0E5}.Debug|x86.ActiveCfg = Debug|Win32
		{6A217BA9-6591-49FA-A3F3-9F2C7409F0E5}.Debug|x86.Build.0 = Debug|Win32
		{6A217BA9-6591-49FA-A3F3-9F2C7409F0E5}.Release|x64.ActiveCfg = Release|x64
		{6A217BA9-6591-49FA-A3F3-9F2C7409F0E5}.Release|x64.Build.0 = Release|x64
		{6A217BA9-6591-49FA-A3F3-9F2C7409F0E5}.Release|x86.ActiveCfg = Release|Win32
		{6A217BA9-6591-49FA-A3F3-9F2C7409F0E5}.Release|x86.Build.0 = Release|Win32
	EndGlobalSection
	GlobalSection(SolutionProperties) = preSolution
		HideSolutionNode = FALSE
	EndGlobalSection
	GlobalSection(ExtensibilityGlobals) = postSolution
		SolutionGuid = {84A3DA50-F6D5-4348-B9DD-319BC90A3689}
	EndGlobalSection
EndGlobal
